
Microsoft Visual Studio Solution File, Format Version 12.00
# Visual Studio Version 16
VisualStudioVersion = 16.0.29306.81
MinimumVisualStudioVersion = 10.0.40219.1
Project("{FAE04EC0-301F-11D3-BF4B-00C04F79EFBC}") = "CCUiGO2", "CCUiGO2\CCUiGO2.csproj", "{C10084C9-4F2D-4BCF-86FD-766647E5B332}"
EndProject
Global
	GlobalSection(SolutionConfigurationPlatforms) = preSolution
		Debug|Any CPU = Debug|Any CPU
		Release|Any CPU = Release|Any CPU
	EndGlobalSection
	GlobalSection(ProjectConfigurationPlatforms) = postSolution
		{C10084C9-4F2D-4BCF-86FD-766647E5B332}.Debug|Any CPU.ActiveCfg = Debug|Any CPU
		{C10084C9-4F2D-4BCF-86FD-766647E5B332}.Debug|Any CPU.Build.0 = Debug|Any CPU
		{C10084C9-4F2D-4BCF-86FD-766647E5B332}.Release|Any CPU.ActiveCfg = Release|Any CPU
		{C10084C9-4F2D-4BCF-86FD-766647E5B332}.Release|Any CPU.Build.0 = Release|Any CPU
	EndGlobalSection
	GlobalSection(SolutionProperties) = preSolution
		HideSolutionNode = FALSE
	EndGlobalSection
	GlobalSection(ExtensibilityGlobals) = postSolution
		SolutionGuid = {BCCE9151-DFAA-4E1D-8BBD-57D3577A4E8B}
	EndGlobalSection
EndGlobal
